// !$*UTF8*$!
{
	archiveVersion = 1;
	classes = {
	};
	objectVersion = 77;
	objects = {

/* Begin PBXBuildFile section */
		700A022E2F1C915F003E71E9 /* AnchorOverlayView.swift in Sources */ = {isa = PBXBuildFile; fileRef = 700A022A2F1C915F003E71E9 /* AnchorOverlayView.swift */; };
		700A022F2F1C915F003E71E9 /* PreferencesManager.swift in Sources */ = {isa = PBXBuildFile; fileRef = 700A02282F1C915F003E71E9 /* PreferencesManager.swift */; };
		700A02302F1C915F003E71E9 /* AnchorOverlayWindow.swift in Sources */ = {isa = PBXBuildFile; fileRef = 700A022B2F1C915F003E71E9 /* AnchorOverlayWindow.swift */; };
		700A02312F1C915F003E71E9 /* StatusBarController.swift in Sources */ = {isa = PBXBuildFile; fileRef = 700A022C2F1C915F003E71E9 /* StatusBarController.swift */; };
		700A02342F1C919E003E71E9 /* Info.plist in Resources */ = {isa = PBXBuildFile; fileRef = 700A02322F1C919E003E71E9 /* Info.plist */; };
		700A02452F1C9E7D003E71E9 /* AppDelegate.swift in Sources */ = {isa = PBXBuildFile; fileRef = 700A02442F1C9E7D003E71E9 /* AppDelegate.swift */; };
		700A02472F1D2A8A003E71E9 /* main.swift in Sources */ = {isa = PBXBuildFile; fileRef = 700A02462F1D2A8A003E71E9 /* main.swift */; };
		700A02502F1D5000003E71E9 /* AppIcon.icns in Resources */ = {isa = PBXBuildFile; fileRef = 700A024F2F1D5000003E71E9 /* AppIcon.icns */; };
/* End PBXBuildFile section */

/* Begin PBXContainerItemProxy section */
		700A01F22F1C8E3D003E71E9 /* PBXContainerItemProxy */ = {
			isa = PBXContainerItemProxy;
			containerPortal = 700A01D92F1C8E3C003E71E9 /* Project object */;
			proxyType = 1;
			remoteGlobalIDString = 700A01E02F1C8E3C003E71E9;
			remoteInfo = MiddleScroller;
		};
		700A01FC2F1C8E3D003E71E9 /* PBXContainerItemProxy */ = {
			isa = PBXContainerItemProxy;
			containerPortal = 700A01D92F1C8E3C003E71E9 /* Project object */;
			proxyType = 1;
			remoteGlobalIDString = 700A01E02F1C8E3C003E71E9;
			remoteInfo = MiddleScroller;
		};
/* End PBXContainerItemProxy section */

/* Begin PBXFileReference section */
		700A01E12F1C8E3C003E71E9 /* MiddleScroller.app */ = {isa = PBXFileReference; explicitFileType = wrapper.application; includeInIndex = 0; path = MiddleScroller.app; sourceTree = BUILT_PRODUCTS_DIR; };
		700A01F12F1C8E3D003E71E9 /* MiddleScrollerTests.xctest */ = {isa = PBXFileReference; explicitFileType = wrapper.cfbundle; includeInIndex = 0; path = MiddleScrollerTests.xctest; sourceTree = BUILT_PRODUCTS_DIR; };
		700A01FB2F1C8E3D003E71E9 /* MiddleScrollerUITests.xctest */ = {isa = PBXFileReference; explicitFileType = wrapper.cfbundle; includeInIndex = 0; path = MiddleScrollerUITests.xctest; sourceTree = BUILT_PRODUCTS_DIR; };
		700A02282F1C915F003E71E9 /* PreferencesManager.swift */ = {isa = PBXFileReference; lastKnownFileType = sourcecode.swift; path = PreferencesManager.swift; sourceTree = "<group>"; };
		700A022A2F1C915F003E71E9 /* AnchorOverlayView.swift */ = {isa = PBXFileReference; lastKnownFileType = sourcecode.swift; path = AnchorOverlayView.swift; sourceTree = "<group>"; };
		700A022B2F1C915F003E71E9 /* AnchorOverlayWindow.swift */ = {isa = PBXFileReference; lastKnownFileType = sourcecode.swift; path = AnchorOverlayWindow.swift; sourceTree = "<group>"; };
		700A022C2F1C915F003E71E9 /* StatusBarController.swift */ = {isa = PBXFileReference; lastKnownFileType = sourcecode.swift; path = StatusBarController.swift; sourceTree = "<group>"; };
		700A02322F1C919E003E71E9 /* Info.plist */ = {isa = PBXFileReference; lastKnownFileType = text.plist.xml; path = Info.plist; sourceTree = "<group>"; };
		700A02332F1C919E003E71E9 /* MiddleScroller.entitlements */ = {isa = PBXFileReference; lastKnownFileType = text.plist.entitlements; path = MiddleScroller.entitlements; sourceTree = "<group>"; };
		700A02442F1C9E7D003E71E9 /* AppDelegate.swift */ = {isa = PBXFileReference; lastKnownFileType = sourcecode.swift; path = AppDelegate.swift; sourceTree = "<group>"; };
		700A02462F1D2A8A003E71E9 /* main.swift */ = {isa = PBXFileReference; lastKnownFileType = sourcecode.swift; path = main.swift; sourceTree = "<group>"; };
		700A024F2F1D5000003E71E9 /* AppIcon.icns */ = {isa = PBXFileReference; lastKnownFileType = image.icns; path = AppIcon.icns; sourceTree = "<group>"; };
/* End PBXFileReference section */

/* Begin PBXFileSystemSynchronizedBuildFileExceptionSet section */
		700A021F2F1C90DE003E71E9 /* Exceptions for "Core" folder in "MiddleScroller" target */ = {
			isa = PBXFileSystemSynchronizedBuildFileExceptionSet;
			membershipExceptions = (
				Logger.swift,
				MouseEventHandler.swift,
				PermissionsManager.swift,
				ScrollController.swift,
			);
			target = 700A01E02F1C8E3C003E71E9 /* MiddleScroller */;
		};
		700A02202F1C90DE003E71E9 /* Exceptions for "Core" folder in "MiddleScrollerUITests" target */ = {
			isa = PBXFileSystemSynchronizedBuildFileExceptionSet;
			membershipExceptions = (
				Logger.swift,
				MouseEventHandler.swift,
				PermissionsManager.swift,
				ScrollController.swift,
			);
			target = 700A01FA2F1C8E3D003E71E9 /* MiddleScrollerUITests */;
		};
/* End PBXFileSystemSynchronizedBuildFileExceptionSet section */

/* Begin PBXFileSystemSynchronizedRootGroup section */
		700A01F42F1C8E3D003E71E9 /* MiddleScrollerTests */ = {
			isa = PBXFileSystemSynchronizedRootGroup;
			path = MiddleScrollerTests;
			sourceTree = "<group>";
		};
		700A01FE2F1C8E3D003E71E9 /* MiddleScrollerUITests */ = {
			isa = PBXFileSystemSynchronizedRootGroup;
			path = MiddleScrollerUITests;
			sourceTree = "<group>";
		};
		700A021B2F1C90DE003E71E9 /* Core */ = {
			isa = PBXFileSystemSynchronizedRootGroup;
			exceptions = (
				700A021F2F1C90DE003E71E9 /* Exceptions for "Core" folder in "MiddleScroller" target */,
				700A02202F1C90DE003E71E9 /* Exceptions for "Core" folder in "MiddleScrollerUITests" target */,
			);
			path = Core;
			sourceTree = "<group>";
		};
/* End PBXFileSystemSynchronizedRootGroup section */

/* Begin PBXFrameworksBuildPhase section */
		700A01DE2F1C8E3C003E71E9 /* Frameworks */ = {
			isa = PBXFrameworksBuildPhase;
			buildActionMask = 2147483647;
			files = (
			);
			runOnlyForDeploymentPostprocessing = 0;
		};
		700A01EE2F1C8E3D003E71E9 /* Frameworks */ = {
			isa = PBXFrameworksBuildPhase;
			buildActionMask = 2147483647;
			files = (
			);
			runOnlyForDeploymentPostprocessing = 0;
		};
		700A01F82F1C8E3D003E71E9 /* Frameworks */ = {
			isa = PBXFrameworksBuildPhase;
			buildActionMask = 2147483647;
			files = (
			);
			runOnlyForDeploymentPostprocessing = 0;
		};
/* End PBXFrameworksBuildPhase section */

/* Begin PBXGroup section */
		700A01D82F1C8E3C003E71E9 = {
			isa = PBXGroup;
			children = (
				700A01F42F1C8E3D003E71E9 /* MiddleScrollerTests */,
				700A01FE2F1C8E3D003E71E9 /* MiddleScrollerUITests */,
				700A021B2F1C90DE003E71E9 /* Core */,
				700A01E22F1C8E3C003E71E9 /* Products */,
				700A02292F1C915F003E71E9 /* Preferences */,
				700A022D2F1C915F003E71E9 /* UI */,
				700A02322F1C919E003E71E9 /* Info.plist */,
				700A02332F1C919E003E71E9 /* MiddleScroller.entitlements */,
				700A02442F1C9E7D003E71E9 /* AppDelegate.swift */,
				700A02462F1D2A8A003E71E9 /* main.swift */,
				700A024F2F1D5000003E71E9 /* AppIcon.icns */,
			);
			sourceTree = "<group>";
		};
		700A01E22F1C8E3C003E71E9 /* Products */ = {
			isa = PBXGroup;
			children = (
				700A01E12F1C8E3C003E71E9 /* MiddleScroller.app */,
				700A01F12F1C8E3D003E71E9 /* MiddleScrollerTests.xctest */,
				700A01FB2F1C8E3D003E71E9 /* MiddleScrollerUITests.xctest */,
			);
			name = Products;
			sourceTree = "<group>";
		};
		700A02292F1C915F003E71E9 /* Preferences */ = {
			isa = PBXGroup;
			children = (
				700A02282F1C915F003E71E9 /* PreferencesManager.swift */,
			);
			path = Preferences;
			sourceTree = "<group>";
		};
		700A022D2F1C915F003E71E9 /* UI */ = {
			isa = PBXGroup;
			children = (
				700A022A2F1C915F003E71E9 /* AnchorOverlayView.swift */,
				700A022B2F1C915F003E71E9 /* AnchorOverlayWindow.swift */,
				700A022C2F1C915F003E71E9 /* StatusBarController.swift */,
			);
			path = UI;
			sourceTree = "<group>";
		};
/* End PBXGroup section */

/* Begin PBXNativeTarget section */
		700A01E02F1C8E3C003E71E9 /* MiddleScroller */ = {
			isa = PBXNativeTarget;
			buildConfigurationList = 700A02052F1C8E3D003E71E9 /* Build configuration list for PBXNativeTarget "MiddleScroller" */;
			buildPhases = (
				700A01DD2F1C8E3C003E71E9 /* Sources */,
				700A01DE2F1C8E3C003E71E9 /* Frameworks */,
				700A01DF2F1C8E3C003E71E9 /* Resources */,
			);
			buildRules = (
			);
			dependencies = (
			);
			name = MiddleScroller;
			packageProductDependencies = (
			);
			productName = MiddleScroller;
			productReference = 700A01E12F1C8E3C003E71E9 /* MiddleScroller.app */;
			productType = "com.apple.product-type.application";
		};
		700A01F02F1C8E3D003E71E9 /* MiddleScrollerTests */ = {
			isa = PBXNativeTarget;
			buildConfigurationList = 700A02082F1C8E3D003E71E9 /* Build configuration list for PBXNativeTarget "MiddleScrollerTests" */;
			buildPhases = (
				700A01ED2F1C8E3D003E71E9 /* Sources */,
				700A01EE2F1C8E3D003E71E9 /* Frameworks */,
				700A01EF2F1C8E3D003E71E9 /* Resources */,
			);
			buildRules = (
			);
			dependencies = (
				700A01F32F1C8E3D003E71E9 /* PBXTargetDependency */,
			);
			fileSystemSynchronizedGroups = (
				700A01F42F1C8E3D003E71E9 /* MiddleScrollerTests */,
			);
			name = MiddleScrollerTests;
			packageProductDependencies = (
			);
			productName = MiddleScrollerTests;
			productReference = 700A01F12F1C8E3D003E71E9 /* MiddleScrollerTests.xctest */;
			productType = "com.apple.product-type.bundle.unit-test";
		};
		700A01FA2F1C8E3D003E71E9 /* MiddleScrollerUITests */ = {
			isa = PBXNativeTarget;
			buildConfigurationList = 700A020B2F1C8E3D003E71E9 /* Build configuration list for PBXNativeTarget "MiddleScrollerUITests" */;
			buildPhases = (
				700A01F72F1C8E3D003E71E9 /* Sources */,
				700A01F82F1C8E3D003E71E9 /* Frameworks */,
				700A01F92F1C8E3D003E71E9 /* Resources */,
			);
			buildRules = (
			);
			dependencies = (
				700A01FD2F1C8E3D003E71E9 /* PBXTargetDependency */,
			);
			fileSystemSynchronizedGroups = (
				700A01FE2F1C8E3D003E71E9 /* MiddleScrollerUITests */,
				700A021B2F1C90DE003E71E9 /* Core */,
			);
			name = MiddleScrollerUITests;
			packageProductDependencies = (
			);
			productName = MiddleScrollerUITests;
			productReference = 700A01FB2F1C8E3D003E71E9 /* MiddleScrollerUITests.xctest */;
			productType = "com.apple.product-type.bundle.ui-testing";
		};
/* End PBXNativeTarget section */

/* Begin PBXProject section */
		700A01D92F1C8E3C003E71E9 /* Project object */ = {
			isa = PBXProject;
			attributes = {
				BuildIndependentTargetsInParallel = 1;
				LastSwiftUpdateCheck = 2620;
				LastUpgradeCheck = 2620;
				TargetAttributes = {
					700A01E02F1C8E3C003E71E9 = {
						CreatedOnToolsVersion = 26.2;
					};
					700A01F02F1C8E3D003E71E9 = {
						CreatedOnToolsVersion = 26.2;
						TestTargetID = 700A01E02F1C8E3C003E71E9;
					};
					700A01FA2F1C8E3D003E71E9 = {
						CreatedOnToolsVersion = 26.2;
						TestTargetID = 700A01E02F1C8E3C003E71E9;
					};
				};
			};
			buildConfigurationList = 700A01DC2F1C8E3C003E71E9 /* Build configuration list for PBXProject "MiddleScroller" */;
			developmentRegion = en;
			hasScannedForEncodings = 0;
			knownRegions = (
				en,
				Base,
			);
			mainGroup = 700A01D82F1C8E3C003E71E9;
			minimizedProjectReferenceProxies = 1;
			preferredProjectObjectVersion = 77;
			productRefGroup = 700A01E22F1C8E3C003E71E9 /* Products */;
			projectDirPath = "";
			projectRoot = "";
			targets = (
				700A01E02F1C8E3C003E71E9 /* MiddleScroller */,
				700A01F02F1C8E3D003E71E9 /* MiddleScrollerTests */,
				700A01FA2F1C8E3D003E71E9 /* MiddleScrollerUITests */,
			);
		};
/* End PBXProject section */

/* Begin PBXResourcesBuildPhase section */
		700A01DF2F1C8E3C003E71E9 /* Resources */ = {
			isa = PBXResourcesBuildPhase;
			buildActionMask = 2147483647;
			files = (
				700A02342F1C919E003E71E9 /* Info.plist in Resources */,
				700A02502F1D5000003E71E9 /* AppIcon.icns in Resources */,
			);
			runOnlyForDeploymentPostprocessing = 0;
		};
		700A01EF2F1C8E3D003E71E9 /* Resources */ = {
			isa = PBXResourcesBuildPhase;
			buildActionMask = 2147483647;
			files = (
			);
			runOnlyForDeploymentPostprocessing = 0;
		};
		700A01F92F1C8E3D003E71E9 /* Resources */ = {
			isa = PBXResourcesBuildPhase;
			buildActionMask = 2147483647;
			files = (
			);
			runOnlyForDeploymentPostprocessing = 0;
		};
/* End PBXResourcesBuildPhase section */

/* Begin PBXSourcesBuildPhase section */
		700A01DD2F1C8E3C003E71E9 /* Sources */ = {
			isa = PBXSourcesBuildPhase;
			buildActionMask = 2147483647;
			files = (
				700A02452F1C9E7D003E71E9 /* AppDelegate.swift in Sources */,
				700A022E2F1C915F003E71E9 /* AnchorOverlayView.swift in Sources */,
				700A02472F1D2A8A003E71E9 /* main.swift in Sources */,
				700A022F2F1C915F003E71E9 /* PreferencesManager.swift in Sources */,
				700A02302F1C915F003E71E9 /* AnchorOverlayWindow.swift in Sources */,
				700A02312F1C915F003E71E9 /* StatusBarController.swift in Sources */,
			);
			runOnlyForDeploymentPostprocessing = 0;
		};
		700A01ED2F1C8E3D003E71E9 /* Sources */ = {
			isa = PBXSourcesBuildPhase;
			buildActionMask = 2147483647;
			files = (
			);
			runOnlyForDeploymentPostprocessing = 0;
		};
		700A01F72F1C8E3D003E71E9 /* Sources */ = {
			isa = PBXSourcesBuildPhase;
			buildActionMask = 2147483647;
			files = (
			);
			runOnlyForDeploymentPostprocessing = 0;
		};
/* End PBXSourcesBuildPhase section */

/* Begin PBXTargetDependency section */
		700A01F32F1C8E3D003E71E9 /* PBXTargetDependency */ = {
			isa = PBXTargetDependency;
			target = 700A01E02F1C8E3C003E71E9 /* MiddleScroller */;
			targetProxy = 700A01F22F1C8E3D003E71E9 /* PBXContainerItemProxy */;
		};
		700A01FD2F1C8E3D003E71E9 /* PBXTargetDependency */ = {
			isa = PBXTargetDependency;
			target = 700A01E02F1C8E3C003E71E9 /* MiddleScroller */;
			targetProxy = 700A01FC2F1C8E3D003E71E9 /* PBXContainerItemProxy */;
		};
/* End PBXTargetDependency section */

/* Begin XCBuildConfiguration section */
		700A02032F1C8E3D003E71E9 /* Debug */ = {
			isa = XCBuildConfiguration;
			buildSettings = {
				ALWAYS_SEARCH_USER_PATHS = NO;
				ASSETCATALOG_COMPILER_GENERATE_SWIFT_ASSET_SYMBOL_EXTENSIONS = YES;
				CLANG_ANALYZER_NONNULL = YES;
				CLANG_ANALYZER_NUMBER_OBJECT_CONVERSION = YES_AGGRESSIVE;
				CLANG_CXX_LANGUAGE_STANDARD = "gnu++20";
				CLANG_ENABLE_MODULES = YES;
				CLANG_ENABLE_OBJC_ARC = YES;
				CLANG_ENABLE_OBJC_WEAK = YES;
				CLANG_WARN_BLOCK_CAPTURE_AUTORELEASING = YES;
				CLANG_WARN_BOOL_CONVERSION = YES;
				CLANG_WARN_COMMA = YES;
				CLANG_WARN_CONSTANT_CONVERSION = YES;
				CLANG_WARN_DEPRECATED_OBJC_IMPLEMENTATIONS = YES;
				CLANG_WARN_DIRECT_OBJC_ISA_USAGE = YES_ERROR;
				CLANG_WARN_DOCUMENTATION_COMMENTS = YES;
				CLANG_WARN_EMPTY_BODY = YES;
				CLANG_WARN_ENUM_CONVERSION = YES;
				CLANG_WARN_INFINITE_RECURSION = YES;
				CLANG_WARN_INT_CONVERSION = YES;
				CLANG_WARN_NON_LITERAL_NULL_CONVERSION = YES;
				CLANG_WARN_OBJC_IMPLICIT_RETAIN_SELF = YES;
				CLANG_WARN_OBJC_LITERAL_CONVERSION = YES;
				CLANG_WARN_OBJC_ROOT_CLASS = YES_ERROR;
				CLANG_WARN_QUOTED_INCLUDE_IN_FRAMEWORK_HEADER = YES;
				CLANG_WARN_RANGE_LOOP_ANALYSIS = YES;
				CLANG_WARN_STRICT_PROTOTYPES = YES;
				CLANG_WARN_SUSPICIOUS_MOVE = YES;
				CLANG_WARN_UNGUARDED_AVAILABILITY = YES_AGGRESSIVE;
				CLANG_WARN_UNREACHABLE_CODE = YES;
				CLANG_WARN__DUPLICATE_METHOD_MATCH = YES;
				COPY_PHASE_STRIP = NO;
				DEBUG_INFORMATION_FORMAT = dwarf;
				ENABLE_STRICT_OBJC_MSGSEND = YES;
				ENABLE_TESTABILITY = YES;
				ENABLE_USER_SCRIPT_SANDBOXING = YES;
				GCC_C_LANGUAGE_STANDARD = gnu17;
				GCC_DYNAMIC_NO_PIC = NO;
				GCC_NO_COMMON_BLOCKS = YES;
				GCC_OPTIMIZATION_LEVEL = 0;
				GCC_PREPROCESSOR_DEFINITIONS = (
					"DEBUG=1",
					"$(inherited)",
				);
				GCC_WARN_64_TO_32_BIT_CONVERSION = YES;
				GCC_WARN_ABOUT_RETURN_TYPE = YES_ERROR;
				GCC_WARN_UNDECLARED_SELECTOR = YES;
				GCC_WARN_UNINITIALIZED_AUTOS = YES_AGGRESSIVE;
				GCC_WARN_UNUSED_FUNCTION = YES;
				GCC_WARN_UNUSED_VARIABLE = YES;
				LOCALIZATION_PREFERS_STRING_CATALOGS = YES;
				MACOSX_DEPLOYMENT_TARGET = 26.2;
				MTL_ENABLE_DEBUG_INFO = INCLUDE_SOURCE;
				MTL_FAST_MATH = YES;
				ONLY_ACTIVE_ARCH = YES;
				SDKROOT = macosx;
				SWIFT_ACTIVE_COMPILATION_CONDITIONS = "DEBUG $(inherited)";
				SWIFT_OPTIMIZATION_LEVEL = "-Onone";
			};
			name = Debug;
		};
		700A02042F1C8E3D003E71E9 /* Release */ = {
			isa = XCBuildConfiguration;
			buildSettings = {
				ALWAYS_SEARCH_USER_PATHS = NO;
				ASSETCATALOG_COMPILER_GENERATE_SWIFT_ASSET_SYMBOL_EXTENSIONS = YES;
				CLANG_ANALYZER_NONNULL = YES;
				CLANG_ANALYZER_NUMBER_OBJECT_CONVERSION = YES_AGGRESSIVE;
				CLANG_CXX_LANGUAGE_STANDARD = "gnu++20";
				CLANG_ENABLE_MODULES = YES;
				CLANG_ENABLE_OBJC_ARC = YES;
				CLANG_ENABLE_OBJC_WEAK = YES;
				CLANG_WARN_BLOCK_CAPTURE_AUTORELEASING = YES;
				CLANG_WARN_BOOL_CONVERSION = YES;
				CLANG_WARN_COMMA = YES;
				CLANG_WARN_CONSTANT_CONVERSION = YES;
				CLANG_WARN_DEPRECATED_OBJC_IMPLEMENTATIONS = YES;
				CLANG_WARN_DIRECT_OBJC_ISA_USAGE = YES_ERROR;
				CLANG_WARN_DOCUMENTATION_COMMENTS = YES;
				CLANG_WARN_EMPTY_BODY = YES;
				CLANG_WARN_ENUM_CONVERSION = YES;
				CLANG_WARN_INFINITE_RECURSION = YES;
				CLANG_WARN_INT_CONVERSION = YES;
				CLANG_WARN_NON_LITERAL_NULL_CONVERSION = YES;
				CLANG_WARN_OBJC_IMPLICIT_RETAIN_SELF = YES;
				CLANG_WARN_OBJC_LITERAL_CONVERSION = YES;
				CLANG_WARN_OBJC_ROOT_CLASS = YES_ERROR;
				CLANG_WARN_QUOTED_INCLUDE_IN_FRAMEWORK_HEADER = YES;
				CLANG_WARN_RANGE_LOOP_ANALYSIS = YES;
				CLANG_WARN_STRICT_PROTOTYPES = YES;
				CLANG_WARN_SUSPICIOUS_MOVE = YES;
				CLANG_WARN_UNGUARDED_AVAILABILITY = YES_AGGRESSIVE;
				CLANG_WARN_UNREACHABLE_CODE = YES;
				CLANG_WARN__DUPLICATE_METHOD_MATCH = YES;
				COPY_PHASE_STRIP = NO;
				DEBUG_INFORMATION_FORMAT = "dwarf-with-dsym";
				ENABLE_NS_ASSERTIONS = NO;
				ENABLE_STRICT_OBJC_MSGSEND = YES;
				ENABLE_USER_SCRIPT_SANDBOXING = YES;
				GCC_C_LANGUAGE_STANDARD = gnu17;
				GCC_NO_COMMON_BLOCKS = YES;
				GCC_WARN_64_TO_32_BIT_CONVERSION = YES;
				GCC_WARN_ABOUT_RETURN_TYPE = YES_ERROR;
				GCC_WARN_UNDECLARED_SELECTOR = YES;
				GCC_WARN_UNINITIALIZED_AUTOS = YES_AGGRESSIVE;
				GCC_WARN_UNUSED_FUNCTION = YES;
				GCC_WARN_UNUSED_VARIABLE = YES;
				LOCALIZATION_PREFERS_STRING_CATALOGS = YES;
				MACOSX_DEPLOYMENT_TARGET = 26.2;
				MTL_ENABLE_DEBUG_INFO = NO;
				MTL_FAST_MATH = YES;
				SDKROOT = macosx;
				SWIFT_COMPILATION_MODE = wholemodule;
			};
			name = Release;
		};
		700A02062F1C8E3D003E71E9 /* Debug */ = {
			isa = XCBuildConfiguration;
			buildSettings = {
				ASSETCATALOG_COMPILER_APPICON_NAME = AppIcon;
				ASSETCATALOG_COMPILER_GLOBAL_ACCENT_COLOR_NAME = AccentColor;
				CODE_SIGN_ENTITLEMENTS = MiddleScroller.entitlements;
				CODE_SIGN_STYLE = Automatic;
				COMBINE_HIDPI_IMAGES = YES;
				CURRENT_PROJECT_VERSION = 1;
				ENABLE_APP_SANDBOX = NO;
				ENABLE_USER_SELECTED_FILES = readonly;
				GENERATE_INFOPLIST_FILE = YES;
				INFOPLIST_FILE = "";
				INFOPLIST_KEY_NSHumanReadableCopyright = "";
				INFOPLIST_KEY_NSMainStoryboardFile = "";
				INFOPLIST_KEY_NSPrincipalClass = NSApplication;
				LD_RUNPATH_SEARCH_PATHS = (
					"$(inherited)",
					"@executable_path/../Frameworks",
				);
				MARKETING_VERSION = 1.0;
				PRODUCT_BUNDLE_IDENTIFIER = com.lowryan.MiddleScroller;
				PRODUCT_NAME = "$(TARGET_NAME)";
				REGISTER_APP_GROUPS = YES;
				STRING_CATALOG_GENERATE_SYMBOLS = YES;
				SWIFT_APPROACHABLE_CONCURRENCY = YES;
				SWIFT_DEFAULT_ACTOR_ISOLATION = MainActor;
				SWIFT_EMIT_LOC_STRINGS = YES;
				SWIFT_UPCOMING_FEATURE_MEMBER_IMPORT_VISIBILITY = YES;
				SWIFT_VERSION = 5.0;
			};
			name = Debug;
		};
		700A02072F1C8E3D003E71E9 /* Release */ = {
			isa = XCBuildConfiguration;
			buildSettings = {
				ASSETCATALOG_COMPILER_APPICON_NAME = AppIcon;
				ASSETCATALOG_COMPILER_GLOBAL_ACCENT_COLOR_NAME = AccentColor;
				CODE_SIGN_ENTITLEMENTS = MiddleScroller.entitlements;
				CODE_SIGN_STYLE = Automatic;
				COMBINE_HIDPI_IMAGES = YES;
				CURRENT_PROJECT_VERSION = 1;
				ENABLE_APP_SANDBOX = NO;
				ENABLE_USER_SELECTED_FILES = readonly;
				GENERATE_INFOPLIST_FILE = YES;
				INFOPLIST_FILE = "";
				INFOPLIST_KEY_NSHumanReadableCopyright = "";
				INFOPLIST_KEY_NSMainStoryboardFile = "";
				INFOPLIST_KEY_NSPrincipalClass = NSApplication;
				LD_RUNPATH_SEARCH_PATHS = (
					"$(inherited)",
					"@executable_path/../Frameworks",
				);
				MARKETING_VERSION = 1.0;
				PRODUCT_BUNDLE_IDENTIFIER = com.lowryan.MiddleScroller;
				PRODUCT_NAME = "$(TARGET_NAME)";
				REGISTER_APP_GROUPS = YES;
				STRING_CATALOG_GENERATE_SYMBOLS = YES;
				SWIFT_APPROACHABLE_CONCURRENCY = YES;
				SWIFT_DEFAULT_ACTOR_ISOLATION = MainActor;
				SWIFT_EMIT_LOC_STRINGS = YES;
				SWIFT_UPCOMING_FEATURE_MEMBER_IMPORT_VISIBILITY = YES;
				SWIFT_VERSION = 5.0;
			};
			name = Release;
		};
		700A02092F1C8E3D003E71E9 /* Debug */ = {
			isa = XCBuildConfiguration;
			buildSettings = {
				BUNDLE_LOADER = "$(TEST_HOST)";
				CODE_SIGN_STYLE = Automatic;
				CURRENT_PROJECT_VERSION = 1;
				GENERATE_INFOPLIST_FILE = YES;
				MACOSX_DEPLOYMENT_TARGET = 26.2;
				MARKETING_VERSION = 1.0;
				PRODUCT_BUNDLE_IDENTIFIER = com.lowryan.MiddleScrollerTests;
				PRODUCT_NAME = "$(TARGET_NAME)";
				STRING_CATALOG_GENERATE_SYMBOLS = NO;
				SWIFT_APPROACHABLE_CONCURRENCY = YES;
				SWIFT_EMIT_LOC_STRINGS = NO;
				SWIFT_UPCOMING_FEATURE_MEMBER_IMPORT_VISIBILITY = YES;
				SWIFT_VERSION = 5.0;
				TEST_HOST = "$(BUILT_PRODUCTS_DIR)/MiddleScroller.app/$(BUNDLE_EXECUTABLE_FOLDER_PATH)/MiddleScroller";
			};
			name = Debug;
		};
		700A020A2F1C8E3D003E71E9 /* Release */ = {
			isa = XCBuildConfiguration;
			buildSettings = {
				BUNDLE_LOADER = "$(TEST_HOST)";
				CODE_SIGN_STYLE = Automatic;
				CURRENT_PROJECT_VERSION = 1;
				GENERATE_INFOPLIST_FILE = YES;
				MACOSX_DEPLOYMENT_TARGET = 26.2;
				MARKETING_VERSION = 1.0;
				PRODUCT_BUNDLE_IDENTIFIER = com.lowryan.MiddleScrollerTests;
				PRODUCT_NAME = "$(TARGET_NAME)";
				STRING_CATALOG_GENERATE_SYMBOLS = NO;
				SWIFT_APPROACHABLE_CONCURRENCY = YES;
				SWIFT_EMIT_LOC_STRINGS = NO;
				SWIFT_UPCOMING_FEATURE_MEMBER_IMPORT_VISIBILITY = YES;
				SWIFT_VERSION = 5.0;
				TEST_HOST = "$(BUILT_PRODUCTS_DIR)/MiddleScroller.app/$(BUNDLE_EXECUTABLE_FOLDER_PATH)/MiddleScroller";
			};
			name = Release;
		};
		700A020C2F1C8E3D003E71E9 /* Debug */ = {
			isa = XCBuildConfiguration;
			buildSettings = {
				CODE_SIGN_STYLE = Automatic;
				CURRENT_PROJECT_VERSION = 1;
				GENERATE_INFOPLIST_FILE = YES;
				MARKETING_VERSION = 1.0;
				PRODUCT_BUNDLE_IDENTIFIER = com.lowryan.MiddleScrollerUITests;
				PRODUCT_NAME = "$(TARGET_NAME)";
				STRING_CATALOG_GENERATE_SYMBOLS = NO;
				SWIFT_APPROACHABLE_CONCURRENCY = YES;
				SWIFT_EMIT_LOC_STRINGS = NO;
				SWIFT_UPCOMING_FEATURE_MEMBER_IMPORT_VISIBILITY = YES;
				SWIFT_VERSION = 5.0;
				TEST_TARGET_NAME = MiddleScroller;
			};
			name = Debug;
		};
		700A020D2F1C8E3D003E71E9 /* Release */ = {
			isa = XCBuildConfiguration;
			buildSettings = {
				CODE_SIGN_STYLE = Automatic;
				CURRENT_PROJECT_VERSION = 1;
				GENERATE_INFOPLIST_FILE = YES;
				MARKETING_VERSION = 1.0;
				PRODUCT_BUNDLE_IDENTIFIER = com.lowryan.MiddleScrollerUITests;
				PRODUCT_NAME = "$(TARGET_NAME)";
				STRING_CATALOG_GENERATE_SYMBOLS = NO;
				SWIFT_APPROACHABLE_CONCURRENCY = YES;
				SWIFT_EMIT_LOC_STRINGS = NO;
				SWIFT_UPCOMING_FEATURE_MEMBER_IMPORT_VISIBILITY = YES;
				SWIFT_VERSION = 5.0;
				TEST_TARGET_NAME = MiddleScroller;
			};
			name = Release;
		};
/* End XCBuildConfiguration section */

/* Begin XCConfigurationList section */
		700A01DC2F1C8E3C003E71E9 /* Build configuration list for PBXProject "MiddleScroller" */ = {
			isa = XCConfigurationList;
			buildConfigurations = (
				700A02032F1C8E3D003E71E9 /* Debug */,
				700A02042F1C8E3D003E71E9 /* Release */,
			);
			defaultConfigurationIsVisible = 0;
			defaultConfigurationName = Release;
		};
		700A02052F1C8E3D003E71E9 /* Build configuration list for PBXNativeTarget "MiddleScroller" */ = {
			isa = XCConfigurationList;
			buildConfigurations = (
				700A02062F1C8E3D003E71E9 /* Debug */,
				700A02072F1C8E3D003E71E9 /* Release */,
			);
			defaultConfigurationIsVisible = 0;
			defaultConfigurationName = Release;
		};
		700A02082F1C8E3D003E71E9 /* Build configuration list for PBXNativeTarget "MiddleScrollerTests" */ = {
			isa = XCConfigurationList;
			buildConfigurations = (
				700A02092F1C8E3D003E71E9 /* Debug */,
				700A020A2F1C8E3D003E71E9 /* Release */,
			);
			defaultConfigurationIsVisible = 0;
			defaultConfigurationName = Release;
		};
		700A020B2F1C8E3D003E71E9 /* Build configuration list for PBXNativeTarget "MiddleScrollerUITests" */ = {
			isa = XCConfigurationList;
			buildConfigurations = (
				700A020C2F1C8E3D003E71E9 /* Debug */,
				700A020D2F1C8E3D003E71E9 /* Release */,
			);
			defaultConfigurationIsVisible = 0;
			defaultConfigurationName = Release;
		};
/* End XCConfigurationList section */
	};
	rootObject = 700A01D92F1C8E3C003E71E9 /* Project object */;
}
